
Microsoft Visual Studio Solution File, Format Version 12.00
# Visual Studio 14
VisualStudioVersion = 14.0.25401.0
MinimumVisualStudioVersion = 10.0.40219.1
Project("{2150E333-8FDC-42A3-9474-1A3956D46DE8}") = "Chapter 1", "Chapter 1", "{7BCEF2EC-4440-4718-B5A2-976DF1DE0C62}"
EndProject
Project("{2150E333-8FDC-42A3-9474-1A3956D46DE8}") = "Codes", "Codes", "{107429B8-2121-486D-A455-94F04D080F4D}"
EndProject
Project("{2150E333-8FDC-42A3-9474-1A3956D46DE8}") = "Exercises", "Exercises", "{F244B70F-1F2E-4D4D-BD5B-22B6FCBC7BCE}"
EndProject
Project("{78C9907C-C22D-4F8D-B13A-49F213FF1631}") = "Welcome", "Chapter 1\Codes\Welcome\Welcome.rsproj", "{FE9583E6-2A3B-4819-B212-D84F476E81D4}"
EndProject
Project("{78C9907C-C22D-4F8D-B13A-49F213FF1631}") = "Name", "Chapter 1\Exercises\Name\Name.rsproj", "{E111587B-F26C-4631-BB80-D2625C2FA872}"
EndProject
Project("{78C9907C-C22D-4F8D-B13A-49F213FF1631}") = "SmallestProgram", "Chapter 1\Exercises\SmallestProgram\SmallestProgram.rsproj", "{BBCF1F4A-B39D-477A-831B-F8F7AAABDB8D}"
EndProject
Project("{2150E333-8FDC-42A3-9474-1A3956D46DE8}") = "Chapter 2", "Chapter 2", "{9761F96E-AAB3-4D63-B431-B0DDDFDBD2FA}"
EndProject
Project("{2150E333-8FDC-42A3-9474-1A3956D46DE8}") = "Codes", "Codes", "{BBA6987E-1B0E-4845-BF35-DF1E15F56A9B}"
EndProject
Project("{2150E333-8FDC-42A3-9474-1A3956D46DE8}") = "Exercises", "Exercises", "{5F548A6A-B4A9-4446-97F3-71CD01CB14BE}"
EndProject
Project("{78C9907C-C22D-4F8D-B13A-49F213FF1631}") = "Alias", "Chapter 2\Codes\Alias\Alias.rsproj", "{6EC5E9DE-DE93-434A-8AE0-560B7D4F80E0}"
EndProject
Project("{78C9907C-C22D-4F8D-B13A-49F213FF1631}") = "Bindings", "Chapter 2\Codes\Bindings\Bindings.rsproj", "{AA8CCA58-71A9-4F98-82A6-B8532691C849}"
EndProject
Project("{78C9907C-C22D-4F8D-B13A-49F213FF1631}") = "Comments", "Chapter 2\Codes\Comments\Comments.rsproj", "{9E3C286E-CB81-4825-A946-49F4F5A14762}"
EndProject
Project("{78C9907C-C22D-4F8D-B13A-49F213FF1631}") = "Constants1", "Chapter 2\Codes\Constants1\Constants1.rsproj", "{5725C4E6-387C-44E0-9039-AA79602F5742}"
EndProject
Project("{78C9907C-C22D-4F8D-B13A-49F213FF1631}") = "Constants2", "Chapter 2\Codes\Constants2\Constants2.rsproj", "{15897E56-AD84-4853-BA9B-891BF202D369}"
EndProject
Project("{78C9907C-C22D-4F8D-B13A-49F213FF1631}") = "Expressions", "Chapter 2\Codes\Expressions\Expressions.rsproj", "{3143E9AD-3DF9-4A59-A557-1AC6E0FDC7DE}"
EndProject
Project("{78C9907C-C22D-4F8D-B13A-49F213FF1631}") = "MutableConstant", "Chapter 2\Codes\MutableConstant\MutableConstant.rsproj", "{062A4111-03C0-46D2-8BA1-CB4F4488E55F}"
EndProject
Project("{78C9907C-C22D-4F8D-B13A-49F213FF1631}") = "References", "Chapter 2\Codes\References\References.rsproj", "{12A0BE32-3497-4D83-94BA-B4B9836FF405}"
EndProject
Project("{78C9907C-C22D-4F8D-B13A-49F213FF1631}") = "Scope", "Chapter 2\Codes\Scope\Scope.rsproj", "{A574E86E-DA45-4672-8C73-4F8BB921D37F}"
EndProject
Project("{78C9907C-C22D-4F8D-B13A-49F213FF1631}") = "TypeConversions", "Chapter 2\Codes\TypeConversions\TypeConversions.rsproj", "{0FFC726C-593C-4CE0-B5AA-03AC6352DE50}"
EndProject
Project("{78C9907C-C22D-4F8D-B13A-49F213FF1631}") = "TypeErrors", "Chapter 2\Codes\TypeErrors\TypeErrors.rsproj", "{1FCC2669-7237-4320-9994-F0B2113F5368}"
EndProject
Project("{78C9907C-C22D-4F8D-B13A-49F213FF1631}") = "Types2", "Chapter 2\Codes\Types2\Types2.rsproj", "{50B70E4E-8E04-4815-BE23-CA9BD4E659D7}"
EndProject
Project("{78C9907C-C22D-4F8D-B13A-49F213FF1631}") = "ChangeConstant", "Chapter 2\Exercises\ChangeConstant\ChangeConstant.rsproj", "{9D14E973-5202-46DC-B36C-E82711422F55}"
EndProject
Project("{78C9907C-C22D-4F8D-B13A-49F213FF1631}") = "CompoundLet", "Chapter 2\Exercises\CompoundLet\CompoundLet.rsproj", "{F52D8229-8D4B-4BFA-B3F9-C33F73C549C4}"
EndProject
Project("{78C9907C-C22D-4F8D-B13A-49F213FF1631}") = "Formatting", "Chapter 2\Exercises\Formatting\Formatting.rsproj", "{302BDE3F-2C94-44E9-87AC-02D7C332A0F4}"
EndProject
Project("{2150E333-8FDC-42A3-9474-1A3956D46DE8}") = "Chapter 3", "Chapter 3", "{A28EACC1-F671-41DE-BDB4-D15D6621877E}"
EndProject
Project("{2150E333-8FDC-42A3-9474-1A3956D46DE8}") = "Codes", "Codes", "{F22C8C11-E66C-4A44-BD85-DCA49EE63884}"
EndProject
Project("{2150E333-8FDC-42A3-9474-1A3956D46DE8}") = "Exercises", "Exercises", "{5F094A49-51C8-4390-94E9-38A40FE58CEE}"
EndProject
Project("{78C9907C-C22D-4F8D-B13A-49F213FF1631}") = "AttributesCfg", "Chapter 3\Codes\AttributesCfg\AttributesCfg.rsproj", "{6E2505FE-D51B-4B57-A839-96D8CFBD8AFB}"
EndProject
Project("{78C9907C-C22D-4F8D-B13A-49F213FF1631}") = "AttributesTesting", "Chapter 3\Codes\AttributesTesting\AttributesTesting.rsproj", "{63E71C59-69C0-4D43-87A8-67690CC26DED}"
EndProject
Project("{78C9907C-C22D-4F8D-B13A-49F213FF1631}") = "ExDoc", "Chapter 3\Codes\ExDoc\ExDoc.rsproj", "{657D7581-79A9-4D85-A912-6A1094A37A34}"
EndProject
Project("{78C9907C-C22D-4F8D-B13A-49F213FF1631}") = "Functions", "Chapter 3\Codes\Functions\Functions.rsproj", "{640CFBC1-A31D-4436-82DB-D668804811C5}"
EndProject
Project("{78C9907C-C22D-4F8D-B13A-49F213FF1631}") = "IfElse", "Chapter 3\Codes\IfElse\IfElse.rsproj", "{219EBC65-21E2-4ED0-BBD3-088B92ECAAE2}"
EndProject
Project("{78C9907C-C22D-4F8D-B13A-49F213FF1631}") = "IterStep", "Chapter 3\Codes\IterStep\IterStep.rsproj", "{295A8AC2-BBC1-4997-9DA1-5F52B608C09D}"
EndProject
Project("{78C9907C-C22D-4F8D-B13A-49F213FF1631}") = "Loops", "Chapter 3\Codes\Loops\Loops.rsproj", "{2516A609-7490-4734-9FC5-D3E847495B01}"
EndProject
Project("{78C9907C-C22D-4F8D-B13A-49F213FF1631}") = "Random", "Chapter 3\Codes\Random\Random.rsproj", "{CAF6B392-3194-4112-B371-DC5DF5D74DB5}"
EndProject
Project("{78C9907C-C22D-4F8D-B13A-49F213FF1631}") = "WelcomeC", "Chapter 1\Codes\WelcomeC\WelcomeC.rsproj", "{0912F6F6-F29F-4313-87F0-39879CEA1797}"
EndProject
Project("{78C9907C-C22D-4F8D-B13A-49F213FF1631}") = "MyLib", "Chapter 3\Codes\MyLib\MyLib.rsproj", "{999C869D-5688-4C83-8645-F39F8FA44AF1}"
EndProject
Project("{78C9907C-C22D-4F8D-B13A-49F213FF1631}") = "Absolute", "Chapter 3\Exercises\Absolute\Absolute.rsproj", "{76228BF6-F99F-4A2D-8BF0-F71731D38342}"
EndProject
Project("{78C9907C-C22D-4F8D-B13A-49F213FF1631}") = "IfReturn", "Chapter 3\Exercises\IfReturn\IfReturn.rsproj", "{E9F2F1ED-8747-4005-9702-15A27A9B65CE}"
EndProject
Project("{78C9907C-C22D-4F8D-B13A-49F213FF1631}") = "IfTest", "Chapter 3\Exercises\IfTest\IfTest.rsproj", "{181B7E9B-257D-46F2-9FF2-9B91989F2BBF}"
EndProject
Project("{2150E333-8FDC-42A3-9474-1A3956D46DE8}") = "Chapter 4", "Chapter 4", "{5EBD0710-7ABD-467B-801D-F3241D27CD6D}"
EndProject
Project("{2150E333-8FDC-42A3-9474-1A3956D46DE8}") = "Codes", "Codes", "{C2F26690-893F-4715-B796-9753EABF098C}"
EndProject
Project("{2150E333-8FDC-42A3-9474-1A3956D46DE8}") = "Exercises", "Exercises", "{13EF49F6-D7D9-4F9A-85E7-F75EFE486389}"
EndProject
Project("{78C9907C-C22D-4F8D-B13A-49F213FF1631}") = "Arrays", "Chapter 4\Codes\Arrays\Arrays.rsproj", "{CC9580F3-FFCA-44C1-B597-F43593612323}"
EndProject
Project("{78C9907C-C22D-4F8D-B13A-49F213FF1631}") = "Enums", "Chapter 4\Codes\Enums\Enums.rsproj", "{B34803A1-9AB5-4C9B-9683-EE821215FA60}"
EndProject
Project("{78C9907C-C22D-4F8D-B13A-49F213FF1631}") = "Input", "Chapter 4\Codes\Input\Input.rsproj", "{DC0176E1-DE34-4512-9C83-D6161FC2145A}"
EndProject
Project("{78C9907C-C22D-4F8D-B13A-49F213FF1631}") = "PatternMatch", "Chapter 4\Codes\PatternMatch\PatternMatch.rsproj", "{10663EF8-1212-4CBC-B3CC-F1E2D5FD88D6}"
EndProject
Project("{78C9907C-C22D-4F8D-B13A-49F213FF1631}") = "PatternMatch2", "Chapter 4\Codes\PatternMatch2\PatternMatch2.rsproj", "{591F5A2C-6E0D-4D77-9235-37E4A3E752A5}"
EndProject
Project("{78C9907C-C22D-4F8D-B13A-49F213FF1631}") = "Strings", "Chapter 4\Codes\Strings\Strings.rsproj", "{6231B550-6B67-4788-95C5-5102A0D1B81C}"
EndProject
Project("{78C9907C-C22D-4F8D-B13A-49F213FF1631}") = "Structs", "Chapter 4\Codes\Structs\Structs.rsproj", "{1B8AA433-F048-4E30-BA1C-588BCB5FC497}"
EndProject
Project("{78C9907C-C22D-4F8D-B13A-49F213FF1631}") = "Tuples", "Chapter 4\Codes\Tuples\Tuples.rsproj", "{C98E0D8D-EDAF-4B30-8797-E3F54158564E}"
EndProject
Project("{78C9907C-C22D-4F8D-B13A-49F213FF1631}") = "CharsString", "Chapter 4\Exercises\CharsString\CharsString.rsproj", "{6616B3E4-E302-40D0-B8F1-07C4DB4D23F5}"
EndProject
Project("{78C9907C-C22D-4F8D-B13A-49F213FF1631}") = "Monster", "Chapter 4\Exercises\Monster\Monster.rsproj", "{F7CD3070-B61A-4E34-A7B9-19DD8B90CB56}"
EndProject
Project("{78C9907C-C22D-4F8D-B13A-49F213FF1631}") = "PatternMatch", "Chapter 4\Exercises\PatternMatch\PatternMatch.rsproj", "{F0FE0CE3-DED8-40BE-9191-4FE889E65BA4}"
EndProject
Project("{78C9907C-C22D-4F8D-B13A-49F213FF1631}") = "TuplesEx", "Chapter 4\Exercises\TuplesEx\TuplesEx.rsproj", "{58635DD8-E273-4ED7-8054-A08B061B5F88}"
EndProject
Project("{2150E333-8FDC-42A3-9474-1A3956D46DE8}") = "Chapter 5", "Chapter 5", "{0E4CB966-2FBC-4D64-B68E-E285259C96A1}"
EndProject
Project("{2150E333-8FDC-42A3-9474-1A3956D46DE8}") = "Codes", "Codes", "{6F913B23-B454-4195-AAE5-4E1F29244206}"
EndProject
Project("{2150E333-8FDC-42A3-9474-1A3956D46DE8}") = "Exercises", "Exercises", "{B54738A5-2BB3-4471-A240-1DF7D9EFADA4}"
EndProject
Project("{78C9907C-C22D-4F8D-B13A-49F213FF1631}") = "AdaptersConsumers", "Chapter 5\Codes\AdaptersConsumers\AdaptersConsumers.rsproj", "{42E5B451-4000-4BFC-B791-AD48393ACF19}"
EndProject
Project("{78C9907C-C22D-4F8D-B13A-49F213FF1631}") = "Errors", "Chapter 5\Codes\Errors\Errors.rsproj", "{D9124F77-C1B5-4949-BE4D-49BF258EA4F6}"
EndProject
Project("{78C9907C-C22D-4F8D-B13A-49F213FF1631}") = "Generics", "Chapter 5\Codes\Generics\Generics.rsproj", "{B8BE256E-D46F-4AD6-AB2B-956312D54163}"
EndProject
Project("{78C9907C-C22D-4F8D-B13A-49F213FF1631}") = "HigherFunctions", "Chapter 5\Codes\HigherFunctions\HigherFunctions.rsproj", "{996EB787-E9D1-477D-8855-8E017FEC98D9}"
EndProject
Project("{78C9907C-C22D-4F8D-B13A-49F213FF1631}") = "Iterators", "Chapter 5\Codes\Iterators\Iterators.rsproj", "{BDFDBB46-0BBE-48AF-95D2-2F1752F643B6}"
EndProject
Project("{78C9907C-C22D-4F8D-B13A-49F213FF1631}") = "Methods", "Chapter 5\Codes\Methods\Methods.rsproj", "{642E20C9-4047-46C3-B820-D048D7F8DC61}"
EndProject
Project("{78C9907C-C22D-4F8D-B13A-49F213FF1631}") = "Traits", "Chapter 5\Codes\Traits\Traits.rsproj", "{15C87AC3-E977-432F-8797-90384D7DE759}"
EndProject
Project("{78C9907C-C22D-4F8D-B13A-49F213FF1631}") = "TraitConstraints", "Chapter 5\Codes\TraitConstraints\TraitConstraints.rsproj", "{4313C201-CCCA-4524-A53B-1E698B2F0938}"
EndProject
Project("{78C9907C-C22D-4F8D-B13A-49F213FF1631}") = "Complex", "Chapter 5\Exercises\Complex\Complex.rsproj", "{E7814865-8A5F-4B99-88E6-3EAD889FE5E5}"
EndProject
Project("{78C9907C-C22D-4F8D-B13A-49F213FF1631}") = "DrawTrait", "Chapter 5\Exercises\DrawTrait\DrawTrait.rsproj", "{F13BCA09-05BA-40ED-86AE-7985E028D62A}"
EndProject
Project("{78C9907C-C22D-4F8D-B13A-49F213FF1631}") = "Fold", "Chapter 5\Exercises\Fold\Fold.rsproj", "{115DB562-609B-486A-8BC1-5F5DCC6550DE}"
EndProject
Project("{78C9907C-C22D-4F8D-B13A-49F213FF1631}") = "RangeNext", "Chapter 5\Exercises\RangeNext\RangeNext.rsproj", "{A0B3B1B4-D557-4AD9-A79C-35FCDC77FD02}"
EndProject
Project("{2150E333-8FDC-42A3-9474-1A3956D46DE8}") = "Chapter 6", "Chapter 6", "{C8792567-5A97-426C-8280-648979578233}"
EndProject
Project("{2150E333-8FDC-42A3-9474-1A3956D46DE8}") = "Codes", "Codes", "{855DB761-B551-4C26-B329-87E8F0BFFE6E}"
EndProject
Project("{2150E333-8FDC-42A3-9474-1A3956D46DE8}") = "Exercises", "Exercises", "{6D0F5DF6-C590-4F25-8C2D-1F815E0E6FB7}"
EndProject
Project("{78C9907C-C22D-4F8D-B13A-49F213FF1631}") = "Boxes1", "Chapter 6\Codes\Boxes1\Boxes1.rsproj", "{FA804CE7-1275-44DE-802E-55EE0A5B10E1}"
EndProject
Project("{78C9907C-C22D-4F8D-B13A-49F213FF1631}") = "Boxes2", "Chapter 6\Codes\Boxes2\Boxes2.rsproj", "{F228DDC5-EE6A-4BFA-B1DD-9155F84D5D43}"
EndProject
Project("{78C9907C-C22D-4F8D-B13A-49F213FF1631}") = "Errors", "Chapter 6\Codes\Errors\Errors.rsproj", "{DE6ED777-9808-4331-9E25-7265D87721E3}"
EndProject
Project("{78C9907C-C22D-4F8D-B13A-49F213FF1631}") = "Lifetimes", "Chapter 6\Codes\Lifetimes\Lifetimes.rsproj", "{21D5346F-C54E-48BE-BCAD-C93DE604B5FB}"
EndProject
Project("{78C9907C-C22D-4F8D-B13A-49F213FF1631}") = "Ownership1", "Chapter 6\Codes\Ownership1\Ownership1.rsproj", "{6FB08479-3950-4646-BEBB-994E1653EF42}"
EndProject
Project("{78C9907C-C22D-4F8D-B13A-49F213FF1631}") = "Ownership2", "Chapter 6\Codes\Ownership2\Ownership2.rsproj", "{813AD3C2-ED02-493A-916B-E801FAC3549A}"
EndProject
Project("{78C9907C-C22D-4F8D-B13A-49F213FF1631}") = "Ref", "Chapter 6\Codes\Ref\Ref.rsproj", "{3EA32516-3200-4ED5-99C7-D32EEC5A73D0}"
EndProject
Project("{78C9907C-C22D-4F8D-B13A-49F213FF1631}") = "RefCountNotgood", "Chapter 6\Codes\RefCountNotgood\RefCountNotgood.rsproj", "{FAE880EE-F103-4F43-B3DB-43944A9754D5}"
EndProject
Project("{78C9907C-C22D-4F8D-B13A-49F213FF1631}") = "RefCount", "Chapter 6\Codes\RefCount\RefCount.rsproj", "{8DACEBC9-590E-4270-A412-6B686806E298}"
EndProject
Project("{78C9907C-C22D-4F8D-B13A-49F213FF1631}") = "References", "Chapter 6\Codes\References\References.rsproj", "{78630DBD-1BD6-4173-A02C-8CD041F38FD5}"
EndProject
Global
	GlobalSection(SolutionConfigurationPlatforms) = preSolution
		Debug|default = Debug|default
		Release|default = Release|default
	EndGlobalSection
	GlobalSection(ProjectConfigurationPlatforms) = postSolution
		{FE9583E6-2A3B-4819-B212-D84F476E81D4}.Debug|default.ActiveCfg = Debug|default
		{FE9583E6-2A3B-4819-B212-D84F476E81D4}.Debug|default.Build.0 = Debug|default
		{FE9583E6-2A3B-4819-B212-D84F476E81D4}.Release|default.ActiveCfg = Release|default
		{FE9583E6-2A3B-4819-B212-D84F476E81D4}.Release|default.Build.0 = Release|default
		{E111587B-F26C-4631-BB80-D2625C2FA872}.Debug|default.ActiveCfg = Debug|default
		{E111587B-F26C-4631-BB80-D2625C2FA872}.Debug|default.Build.0 = Debug|default
		{E111587B-F26C-4631-BB80-D2625C2FA872}.Release|default.ActiveCfg = Release|default
		{E111587B-F26C-4631-BB80-D2625C2FA872}.Release|default.Build.0 = Release|default
		{BBCF1F4A-B39D-477A-831B-F8F7AAABDB8D}.Debug|default.ActiveCfg = Debug|default
		{BBCF1F4A-B39D-477A-831B-F8F7AAABDB8D}.Debug|default.Build.0 = Debug|default
		{BBCF1F4A-B39D-477A-831B-F8F7AAABDB8D}.Release|default.ActiveCfg = Release|default
		{BBCF1F4A-B39D-477A-831B-F8F7AAABDB8D}.Release|default.Build.0 = Release|default
		{6EC5E9DE-DE93-434A-8AE0-560B7D4F80E0}.Debug|default.ActiveCfg = Debug|default
		{6EC5E9DE-DE93-434A-8AE0-560B7D4F80E0}.Debug|default.Build.0 = Debug|default
		{6EC5E9DE-DE93-434A-8AE0-560B7D4F80E0}.Release|default.ActiveCfg = Release|default
		{6EC5E9DE-DE93-434A-8AE0-560B7D4F80E0}.Release|default.Build.0 = Release|default
		{AA8CCA58-71A9-4F98-82A6-B8532691C849}.Debug|default.ActiveCfg = Debug|default
		{AA8CCA58-71A9-4F98-82A6-B8532691C849}.Debug|default.Build.0 = Debug|default
		{AA8CCA58-71A9-4F98-82A6-B8532691C849}.Release|default.ActiveCfg = Release|default
		{AA8CCA58-71A9-4F98-82A6-B8532691C849}.Release|default.Build.0 = Release|default
		{9E3C286E-CB81-4825-A946-49F4F5A14762}.Debug|default.ActiveCfg = Debug|default
		{9E3C286E-CB81-4825-A946-49F4F5A14762}.Debug|default.Build.0 = Debug|default
		{9E3C286E-CB81-4825-A946-49F4F5A14762}.Release|default.ActiveCfg = Release|default
		{9E3C286E-CB81-4825-A946-49F4F5A14762}.Release|default.Build.0 = Release|default
		{5725C4E6-387C-44E0-9039-AA79602F5742}.Debug|default.ActiveCfg = Debug|default
		{5725C4E6-387C-44E0-9039-AA79602F5742}.Debug|default.Build.0 = Debug|default
		{5725C4E6-387C-44E0-9039-AA79602F5742}.Release|default.ActiveCfg = Release|default
		{5725C4E6-387C-44E0-9039-AA79602F5742}.Release|default.Build.0 = Release|default
		{15897E56-AD84-4853-BA9B-891BF202D369}.Debug|default.ActiveCfg = Debug|default
		{15897E56-AD84-4853-BA9B-891BF202D369}.Debug|default.Build.0 = Debug|default
		{15897E56-AD84-4853-BA9B-891BF202D369}.Release|default.ActiveCfg = Release|default
		{15897E56-AD84-4853-BA9B-891BF202D369}.Release|default.Build.0 = Release|default
		{3143E9AD-3DF9-4A59-A557-1AC6E0FDC7DE}.Debug|default.ActiveCfg = Debug|default
		{3143E9AD-3DF9-4A59-A557-1AC6E0FDC7DE}.Debug|default.Build.0 = Debug|default
		{3143E9AD-3DF9-4A59-A557-1AC6E0FDC7DE}.Release|default.ActiveCfg = Release|default
		{3143E9AD-3DF9-4A59-A557-1AC6E0FDC7DE}.Release|default.Build.0 = Release|default
		{062A4111-03C0-46D2-8BA1-CB4F4488E55F}.Debug|default.ActiveCfg = Debug|default
		{062A4111-03C0-46D2-8BA1-CB4F4488E55F}.Debug|default.Build.0 = Debug|default
		{062A4111-03C0-46D2-8BA1-CB4F4488E55F}.Release|default.ActiveCfg = Release|default
		{062A4111-03C0-46D2-8BA1-CB4F4488E55F}.Release|default.Build.0 = Release|default
		{12A0BE32-3497-4D83-94BA-B4B9836FF405}.Debug|default.ActiveCfg = Debug|default
		{12A0BE32-3497-4D83-94BA-B4B9836FF405}.Debug|default.Build.0 = Debug|default
		{12A0BE32-3497-4D83-94BA-B4B9836FF405}.Release|default.ActiveCfg = Release|default
		{12A0BE32-3497-4D83-94BA-B4B9836FF405}.Release|default.Build.0 = Release|default
		{A574E86E-DA45-4672-8C73-4F8BB921D37F}.Debug|default.ActiveCfg = Debug|default
		{A574E86E-DA45-4672-8C73-4F8BB921D37F}.Debug|default.Build.0 = Debug|default
		{A574E86E-DA45-4672-8C73-4F8BB921D37F}.Release|default.ActiveCfg = Release|default
		{A574E86E-DA45-4672-8C73-4F8BB921D37F}.Release|default.Build.0 = Release|default
		{0FFC726C-593C-4CE0-B5AA-03AC6352DE50}.Debug|default.ActiveCfg = Debug|default
		{0FFC726C-593C-4CE0-B5AA-03AC6352DE50}.Debug|default.Build.0 = Debug|default
		{0FFC726C-593C-4CE0-B5AA-03AC6352DE50}.Release|default.ActiveCfg = Release|default
		{0FFC726C-593C-4CE0-B5AA-03AC6352DE50}.Release|default.Build.0 = Release|default
		{1FCC2669-7237-4320-9994-F0B2113F5368}.Debug|default.ActiveCfg = Debug|default
		{1FCC2669-7237-4320-9994-F0B2113F5368}.Debug|default.Build.0 = Debug|default
		{1FCC2669-7237-4320-9994-F0B2113F5368}.Release|default.ActiveCfg = Release|default
		{1FCC2669-7237-4320-9994-F0B2113F5368}.Release|default.Build.0 = Release|default
		{50B70E4E-8E04-4815-BE23-CA9BD4E659D7}.Debug|default.ActiveCfg = Debug|default
		{50B70E4E-8E04-4815-BE23-CA9BD4E659D7}.Debug|default.Build.0 = Debug|default
		{50B70E4E-8E04-4815-BE23-CA9BD4E659D7}.Release|default.ActiveCfg = Release|default
		{50B70E4E-8E04-4815-BE23-CA9BD4E659D7}.Release|default.Build.0 = Release|default
		{9D14E973-5202-46DC-B36C-E82711422F55}.Debug|default.ActiveCfg = Debug|default
		{9D14E973-5202-46DC-B36C-E82711422F55}.Debug|default.Build.0 = Debug|default
		{9D14E973-5202-46DC-B36C-E82711422F55}.Release|default.ActiveCfg = Release|default
		{9D14E973-5202-46DC-B36C-E82711422F55}.Release|default.Build.0 = Release|default
		{F52D8229-8D4B-4BFA-B3F9-C33F73C549C4}.Debug|default.ActiveCfg = Debug|default
		{F52D8229-8D4B-4BFA-B3F9-C33F73C549C4}.Debug|default.Build.0 = Debug|default
		{F52D8229-8D4B-4BFA-B3F9-C33F73C549C4}.Release|default.ActiveCfg = Release|default
		{F52D8229-8D4B-4BFA-B3F9-C33F73C549C4}.Release|default.Build.0 = Release|default
		{302BDE3F-2C94-44E9-87AC-02D7C332A0F4}.Debug|default.ActiveCfg = Debug|default
		{302BDE3F-2C94-44E9-87AC-02D7C332A0F4}.Debug|default.Build.0 = Debug|default
		{302BDE3F-2C94-44E9-87AC-02D7C332A0F4}.Release|default.ActiveCfg = Release|default
		{302BDE3F-2C94-44E9-87AC-02D7C332A0F4}.Release|default.Build.0 = Release|default
		{6E2505FE-D51B-4B57-A839-96D8CFBD8AFB}.Debug|default.ActiveCfg = Debug|default
		{6E2505FE-D51B-4B57-A839-96D8CFBD8AFB}.Debug|default.Build.0 = Debug|default
		{6E2505FE-D51B-4B57-A839-96D8CFBD8AFB}.Release|default.ActiveCfg = Release|default
		{6E2505FE-D51B-4B57-A839-96D8CFBD8AFB}.Release|default.Build.0 = Release|default
		{63E71C59-69C0-4D43-87A8-67690CC26DED}.Debug|default.ActiveCfg = Debug|default
		{63E71C59-69C0-4D43-87A8-67690CC26DED}.Debug|default.Build.0 = Debug|default
		{63E71C59-69C0-4D43-87A8-67690CC26DED}.Release|default.ActiveCfg = Release|default
		{63E71C59-69C0-4D43-87A8-67690CC26DED}.Release|default.Build.0 = Release|default
		{657D7581-79A9-4D85-A912-6A1094A37A34}.Debug|default.ActiveCfg = Debug|default
		{657D7581-79A9-4D85-A912-6A1094A37A34}.Debug|default.Build.0 = Debug|default
		{657D7581-79A9-4D85-A912-6A1094A37A34}.Release|default.ActiveCfg = Release|default
		{657D7581-79A9-4D85-A912-6A1094A37A34}.Release|default.Build.0 = Release|default
		{640CFBC1-A31D-4436-82DB-D668804811C5}.Debug|default.ActiveCfg = Debug|default
		{640CFBC1-A31D-4436-82DB-D668804811C5}.Debug|default.Build.0 = Debug|default
		{640CFBC1-A31D-4436-82DB-D668804811C5}.Release|default.ActiveCfg = Release|default
		{640CFBC1-A31D-4436-82DB-D668804811C5}.Release|default.Build.0 = Release|default
		{219EBC65-21E2-4ED0-BBD3-088B92ECAAE2}.Debug|default.ActiveCfg = Debug|default
		{219EBC65-21E2-4ED0-BBD3-088B92ECAAE2}.Debug|default.Build.0 = Debug|default
		{219EBC65-21E2-4ED0-BBD3-088B92ECAAE2}.Release|default.ActiveCfg = Release|default
		{219EBC65-21E2-4ED0-BBD3-088B92ECAAE2}.Release|default.Build.0 = Release|default
		{295A8AC2-BBC1-4997-9DA1-5F52B608C09D}.Debug|default.ActiveCfg = Debug|default
		{295A8AC2-BBC1-4997-9DA1-5F52B608C09D}.Debug|default.Build.0 = Debug|default
		{295A8AC2-BBC1-4997-9DA1-5F52B608C09D}.Release|default.ActiveCfg = Release|default
		{295A8AC2-BBC1-4997-9DA1-5F52B608C09D}.Release|default.Build.0 = Release|default
		{2516A609-7490-4734-9FC5-D3E847495B01}.Debug|default.ActiveCfg = Debug|default
		{2516A609-7490-4734-9FC5-D3E847495B01}.Debug|default.Build.0 = Debug|default
		{2516A609-7490-4734-9FC5-D3E847495B01}.Release|default.ActiveCfg = Release|default
		{2516A609-7490-4734-9FC5-D3E847495B01}.Release|default.Build.0 = Release|default
		{CAF6B392-3194-4112-B371-DC5DF5D74DB5}.Debug|default.ActiveCfg = Debug|default
		{CAF6B392-3194-4112-B371-DC5DF5D74DB5}.Debug|default.Build.0 = Debug|default
		{CAF6B392-3194-4112-B371-DC5DF5D74DB5}.Release|default.ActiveCfg = Release|default
		{CAF6B392-3194-4112-B371-DC5DF5D74DB5}.Release|default.Build.0 = Release|default
		{0912F6F6-F29F-4313-87F0-39879CEA1797}.Debug|default.ActiveCfg = Debug|default
		{0912F6F6-F29F-4313-87F0-39879CEA1797}.Debug|default.Build.0 = Debug|default
		{0912F6F6-F29F-4313-87F0-39879CEA1797}.Release|default.ActiveCfg = Release|default
		{0912F6F6-F29F-4313-87F0-39879CEA1797}.Release|default.Build.0 = Release|default
		{999C869D-5688-4C83-8645-F39F8FA44AF1}.Debug|default.ActiveCfg = Debug|default
		{999C869D-5688-4C83-8645-F39F8FA44AF1}.Debug|default.Build.0 = Debug|default
		{999C869D-5688-4C83-8645-F39F8FA44AF1}.Release|default.ActiveCfg = Release|default
		{999C869D-5688-4C83-8645-F39F8FA44AF1}.Release|default.Build.0 = Release|default
		{76228BF6-F99F-4A2D-8BF0-F71731D38342}.Debug|default.ActiveCfg = Debug|default
		{76228BF6-F99F-4A2D-8BF0-F71731D38342}.Debug|default.Build.0 = Debug|default
		{76228BF6-F99F-4A2D-8BF0-F71731D38342}.Release|default.ActiveCfg = Release|default
		{76228BF6-F99F-4A2D-8BF0-F71731D38342}.Release|default.Build.0 = Release|default
		{E9F2F1ED-8747-4005-9702-15A27A9B65CE}.Debug|default.ActiveCfg = Debug|default
		{E9F2F1ED-8747-4005-9702-15A27A9B65CE}.Debug|default.Build.0 = Debug|default
		{E9F2F1ED-8747-4005-9702-15A27A9B65CE}.Release|default.ActiveCfg = Release|default
		{E9F2F1ED-8747-4005-9702-15A27A9B65CE}.Release|default.Build.0 = Release|default
		{181B7E9B-257D-46F2-9FF2-9B91989F2BBF}.Debug|default.ActiveCfg = Debug|default
		{181B7E9B-257D-46F2-9FF2-9B91989F2BBF}.Debug|default.Build.0 = Debug|default
		{181B7E9B-257D-46F2-9FF2-9B91989F2BBF}.Release|default.ActiveCfg = Release|default
		{181B7E9B-257D-46F2-9FF2-9B91989F2BBF}.Release|default.Build.0 = Release|default
		{CC9580F3-FFCA-44C1-B597-F43593612323}.Debug|default.ActiveCfg = Debug|default
		{CC9580F3-FFCA-44C1-B597-F43593612323}.Debug|default.Build.0 = Debug|default
		{CC9580F3-FFCA-44C1-B597-F43593612323}.Release|default.ActiveCfg = Release|default
		{CC9580F3-FFCA-44C1-B597-F43593612323}.Release|default.Build.0 = Release|default
		{B34803A1-9AB5-4C9B-9683-EE821215FA60}.Debug|default.ActiveCfg = Debug|default
		{B34803A1-9AB5-4C9B-9683-EE821215FA60}.Debug|default.Build.0 = Debug|default
		{B34803A1-9AB5-4C9B-9683-EE821215FA60}.Release|default.ActiveCfg = Release|default
		{B34803A1-9AB5-4C9B-9683-EE821215FA60}.Release|default.Build.0 = Release|default
		{DC0176E1-DE34-4512-9C83-D6161FC2145A}.Debug|default.ActiveCfg = Debug|default
		{DC0176E1-DE34-4512-9C83-D6161FC2145A}.Debug|default.Build.0 = Debug|default
		{DC0176E1-DE34-4512-9C83-D6161FC2145A}.Release|default.ActiveCfg = Release|default
		{DC0176E1-DE34-4512-9C83-D6161FC2145A}.Release|default.Build.0 = Release|default
		{10663EF8-1212-4CBC-B3CC-F1E2D5FD88D6}.Debug|default.ActiveCfg = Debug|default
		{10663EF8-1212-4CBC-B3CC-F1E2D5FD88D6}.Debug|default.Build.0 = Debug|default
		{10663EF8-1212-4CBC-B3CC-F1E2D5FD88D6}.Release|default.ActiveCfg = Release|default
		{10663EF8-1212-4CBC-B3CC-F1E2D5FD88D6}.Release|default.Build.0 = Release|default
		{591F5A2C-6E0D-4D77-9235-37E4A3E752A5}.Debug|default.ActiveCfg = Debug|default
		{591F5A2C-6E0D-4D77-9235-37E4A3E752A5}.Debug|default.Build.0 = Debug|default
		{591F5A2C-6E0D-4D77-9235-37E4A3E752A5}.Release|default.ActiveCfg = Release|default
		{591F5A2C-6E0D-4D77-9235-37E4A3E752A5}.Release|default.Build.0 = Release|default
		{6231B550-6B67-4788-95C5-5102A0D1B81C}.Debug|default.ActiveCfg = Debug|default
		{6231B550-6B67-4788-95C5-5102A0D1B81C}.Debug|default.Build.0 = Debug|default
		{6231B550-6B67-4788-95C5-5102A0D1B81C}.Release|default.ActiveCfg = Release|default
		{6231B550-6B67-4788-95C5-5102A0D1B81C}.Release|default.Build.0 = Release|default
		{1B8AA433-F048-4E30-BA1C-588BCB5FC497}.Debug|default.ActiveCfg = Debug|default
		{1B8AA433-F048-4E30-BA1C-588BCB5FC497}.Debug|default.Build.0 = Debug|default
		{1B8AA433-F048-4E30-BA1C-588BCB5FC497}.Release|default.ActiveCfg = Release|default
		{1B8AA433-F048-4E30-BA1C-588BCB5FC497}.Release|default.Build.0 = Release|default
		{C98E0D8D-EDAF-4B30-8797-E3F54158564E}.Debug|default.ActiveCfg = Debug|default
		{C98E0D8D-EDAF-4B30-8797-E3F54158564E}.Debug|default.Build.0 = Debug|default
		{C98E0D8D-EDAF-4B30-8797-E3F54158564E}.Release|default.ActiveCfg = Release|default
		{C98E0D8D-EDAF-4B30-8797-E3F54158564E}.Release|default.Build.0 = Release|default
		{6616B3E4-E302-40D0-B8F1-07C4DB4D23F5}.Debug|default.ActiveCfg = Debug|default
		{6616B3E4-E302-40D0-B8F1-07C4DB4D23F5}.Debug|default.Build.0 = Debug|default
		{6616B3E4-E302-40D0-B8F1-07C4DB4D23F5}.Release|default.ActiveCfg = Release|default
		{6616B3E4-E302-40D0-B8F1-07C4DB4D23F5}.Release|default.Build.0 = Release|default
		{F7CD3070-B61A-4E34-A7B9-19DD8B90CB56}.Debug|default.ActiveCfg = Debug|default
		{F7CD3070-B61A-4E34-A7B9-19DD8B90CB56}.Debug|default.Build.0 = Debug|default
		{F7CD3070-B61A-4E34-A7B9-19DD8B90CB56}.Release|default.ActiveCfg = Release|default
		{F7CD3070-B61A-4E34-A7B9-19DD8B90CB56}.Release|default.Build.0 = Release|default
		{F0FE0CE3-DED8-40BE-9191-4FE889E65BA4}.Debug|default.ActiveCfg = Debug|default
		{F0FE0CE3-DED8-40BE-9191-4FE889E65BA4}.Debug|default.Build.0 = Debug|default
		{F0FE0CE3-DED8-40BE-9191-4FE889E65BA4}.Release|default.ActiveCfg = Release|default
		{F0FE0CE3-DED8-40BE-9191-4FE889E65BA4}.Release|default.Build.0 = Release|default
		{58635DD8-E273-4ED7-8054-A08B061B5F88}.Debug|default.ActiveCfg = Debug|default
		{58635DD8-E273-4ED7-8054-A08B061B5F88}.Debug|default.Build.0 = Debug|default
		{58635DD8-E273-4ED7-8054-A08B061B5F88}.Release|default.ActiveCfg = Release|default
		{58635DD8-E273-4ED7-8054-A08B061B5F88}.Release|default.Build.0 = Release|default
		{42E5B451-4000-4BFC-B791-AD48393ACF19}.Debug|default.ActiveCfg = Debug|default
		{42E5B451-4000-4BFC-B791-AD48393ACF19}.Debug|default.Build.0 = Debug|default
		{42E5B451-4000-4BFC-B791-AD48393ACF19}.Release|default.ActiveCfg = Release|default
		{42E5B451-4000-4BFC-B791-AD48393ACF19}.Release|default.Build.0 = Release|default
		{D9124F77-C1B5-4949-BE4D-49BF258EA4F6}.Debug|default.ActiveCfg = Debug|default
		{D9124F77-C1B5-4949-BE4D-49BF258EA4F6}.Debug|default.Build.0 = Debug|default
		{D9124F77-C1B5-4949-BE4D-49BF258EA4F6}.Release|default.ActiveCfg = Release|default
		{D9124F77-C1B5-4949-BE4D-49BF258EA4F6}.Release|default.Build.0 = Release|default
		{B8BE256E-D46F-4AD6-AB2B-956312D54163}.Debug|default.ActiveCfg = Debug|default
		{B8BE256E-D46F-4AD6-AB2B-956312D54163}.Debug|default.Build.0 = Debug|default
		{B8BE256E-D46F-4AD6-AB2B-956312D54163}.Release|default.ActiveCfg = Release|default
		{B8BE256E-D46F-4AD6-AB2B-956312D54163}.Release|default.Build.0 = Release|default
		{996EB787-E9D1-477D-8855-8E017FEC98D9}.Debug|default.ActiveCfg = Debug|default
		{996EB787-E9D1-477D-8855-8E017FEC98D9}.Debug|default.Build.0 = Debug|default
		{996EB787-E9D1-477D-8855-8E017FEC98D9}.Release|default.ActiveCfg = Release|default
		{996EB787-E9D1-477D-8855-8E017FEC98D9}.Release|default.Build.0 = Release|default
		{BDFDBB46-0BBE-48AF-95D2-2F1752F643B6}.Debug|default.ActiveCfg = Debug|default
		{BDFDBB46-0BBE-48AF-95D2-2F1752F643B6}.Debug|default.Build.0 = Debug|default
		{BDFDBB46-0BBE-48AF-95D2-2F1752F643B6}.Release|default.ActiveCfg = Release|default
		{BDFDBB46-0BBE-48AF-95D2-2F1752F643B6}.Release|default.Build.0 = Release|default
		{642E20C9-4047-46C3-B820-D048D7F8DC61}.Debug|default.ActiveCfg = Debug|default
		{642E20C9-4047-46C3-B820-D048D7F8DC61}.Debug|default.Build.0 = Debug|default
		{642E20C9-4047-46C3-B820-D048D7F8DC61}.Release|default.ActiveCfg = Release|default
		{642E20C9-4047-46C3-B820-D048D7F8DC61}.Release|default.Build.0 = Release|default
		{15C87AC3-E977-432F-8797-90384D7DE759}.Debug|default.ActiveCfg = Debug|default
		{15C87AC3-E977-432F-8797-90384D7DE759}.Debug|default.Build.0 = Debug|default
		{15C87AC3-E977-432F-8797-90384D7DE759}.Release|default.ActiveCfg = Release|default
		{15C87AC3-E977-432F-8797-90384D7DE759}.Release|default.Build.0 = Release|default
		{4313C201-CCCA-4524-A53B-1E698B2F0938}.Debug|default.ActiveCfg = Debug|default
		{4313C201-CCCA-4524-A53B-1E698B2F0938}.Debug|default.Build.0 = Debug|default
		{4313C201-CCCA-4524-A53B-1E698B2F0938}.Release|default.ActiveCfg = Release|default
		{4313C201-CCCA-4524-A53B-1E698B2F0938}.Release|default.Build.0 = Release|default
		{E7814865-8A5F-4B99-88E6-3EAD889FE5E5}.Debug|default.ActiveCfg = Debug|default
		{E7814865-8A5F-4B99-88E6-3EAD889FE5E5}.Debug|default.Build.0 = Debug|default
		{E7814865-8A5F-4B99-88E6-3EAD889FE5E5}.Release|default.ActiveCfg = Release|default
		{E7814865-8A5F-4B99-88E6-3EAD889FE5E5}.Release|default.Build.0 = Release|default
		{F13BCA09-05BA-40ED-86AE-7985E028D62A}.Debug|default.ActiveCfg = Debug|default
		{F13BCA09-05BA-40ED-86AE-7985E028D62A}.Debug|default.Build.0 = Debug|default
		{F13BCA09-05BA-40ED-86AE-7985E028D62A}.Release|default.ActiveCfg = Release|default
		{F13BCA09-05BA-40ED-86AE-7985E028D62A}.Release|default.Build.0 = Release|default
		{115DB562-609B-486A-8BC1-5F5DCC6550DE}.Debug|default.ActiveCfg = Debug|default
		{115DB562-609B-486A-8BC1-5F5DCC6550DE}.Debug|default.Build.0 = Debug|default
		{115DB562-609B-486A-8BC1-5F5DCC6550DE}.Release|default.ActiveCfg = Release|default
		{115DB562-609B-486A-8BC1-5F5DCC6550DE}.Release|default.Build.0 = Release|default
		{A0B3B1B4-D557-4AD9-A79C-35FCDC77FD02}.Debug|default.ActiveCfg = Debug|default
		{A0B3B1B4-D557-4AD9-A79C-35FCDC77FD02}.Debug|default.Build.0 = Debug|default
		{A0B3B1B4-D557-4AD9-A79C-35FCDC77FD02}.Release|default.ActiveCfg = Release|default
		{A0B3B1B4-D557-4AD9-A79C-35FCDC77FD02}.Release|default.Build.0 = Release|default
		{FA804CE7-1275-44DE-802E-55EE0A5B10E1}.Debug|default.ActiveCfg = Debug|default
		{FA804CE7-1275-44DE-802E-55EE0A5B10E1}.Debug|default.Build.0 = Debug|default
		{FA804CE7-1275-44DE-802E-55EE0A5B10E1}.Release|default.ActiveCfg = Release|default
		{FA804CE7-1275-44DE-802E-55EE0A5B10E1}.Release|default.Build.0 = Release|default
		{F228DDC5-EE6A-4BFA-B1DD-9155F84D5D43}.Debug|default.ActiveCfg = Debug|default
		{F228DDC5-EE6A-4BFA-B1DD-9155F84D5D43}.Debug|default.Build.0 = Debug|default
		{F228DDC5-EE6A-4BFA-B1DD-9155F84D5D43}.Release|default.ActiveCfg = Release|default
		{F228DDC5-EE6A-4BFA-B1DD-9155F84D5D43}.Release|default.Build.0 = Release|default
		{DE6ED777-9808-4331-9E25-7265D87721E3}.Debug|default.ActiveCfg = Debug|default
		{DE6ED777-9808-4331-9E25-7265D87721E3}.Debug|default.Build.0 = Debug|default
		{DE6ED777-9808-4331-9E25-7265D87721E3}.Release|default.ActiveCfg = Release|default
		{DE6ED777-9808-4331-9E25-7265D87721E3}.Release|default.Build.0 = Release|default
		{21D5346F-C54E-48BE-BCAD-C93DE604B5FB}.Debug|default.ActiveCfg = Debug|default
		{21D5346F-C54E-48BE-BCAD-C93DE604B5FB}.Debug|default.Build.0 = Debug|default
		{21D5346F-C54E-48BE-BCAD-C93DE604B5FB}.Release|default.ActiveCfg = Release|default
		{21D5346F-C54E-48BE-BCAD-C93DE604B5FB}.Release|default.Build.0 = Release|default
		{6FB08479-3950-4646-BEBB-994E1653EF42}.Debug|default.ActiveCfg = Debug|default
		{6FB08479-3950-4646-BEBB-994E1653EF42}.Debug|default.Build.0 = Debug|default
		{6FB08479-3950-4646-BEBB-994E1653EF42}.Release|default.ActiveCfg = Release|default
		{6FB08479-3950-4646-BEBB-994E1653EF42}.Release|default.Build.0 = Release|default
		{813AD3C2-ED02-493A-916B-E801FAC3549A}.Debug|default.ActiveCfg = Debug|default
		{813AD3C2-ED02-493A-916B-E801FAC3549A}.Debug|default.Build.0 = Debug|default
		{813AD3C2-ED02-493A-916B-E801FAC3549A}.Release|default.ActiveCfg = Release|default
		{813AD3C2-ED02-493A-916B-E801FAC3549A}.Release|default.Build.0 = Release|default
		{3EA32516-3200-4ED5-99C7-D32EEC5A73D0}.Debug|default.ActiveCfg = Debug|default
		{3EA32516-3200-4ED5-99C7-D32EEC5A73D0}.Debug|default.Build.0 = Debug|default
		{3EA32516-3200-4ED5-99C7-D32EEC5A73D0}.Release|default.ActiveCfg = Release|default
		{3EA32516-3200-4ED5-99C7-D32EEC5A73D0}.Release|default.Build.0 = Release|default
		{FAE880EE-F103-4F43-B3DB-43944A9754D5}.Debug|default.ActiveCfg = Debug|default
		{FAE880EE-F103-4F43-B3DB-43944A9754D5}.Debug|default.Build.0 = Debug|default
		{FAE880EE-F103-4F43-B3DB-43944A9754D5}.Release|default.ActiveCfg = Release|default
		{FAE880EE-F103-4F43-B3DB-43944A9754D5}.Release|default.Build.0 = Release|default
		{8DACEBC9-590E-4270-A412-6B686806E298}.Debug|default.ActiveCfg = Debug|default
		{8DACEBC9-590E-4270-A412-6B686806E298}.Debug|default.Build.0 = Debug|default
		{8DACEBC9-590E-4270-A412-6B686806E298}.Release|default.ActiveCfg = Release|default
		{8DACEBC9-590E-4270-A412-6B686806E298}.Release|default.Build.0 = Release|default
		{78630DBD-1BD6-4173-A02C-8CD041F38FD5}.Debug|default.ActiveCfg = Debug|default
		{78630DBD-1BD6-4173-A02C-8CD041F38FD5}.Debug|default.Build.0 = Debug|default
		{78630DBD-1BD6-4173-A02C-8CD041F38FD5}.Release|default.ActiveCfg = Release|default
		{78630DBD-1BD6-4173-A02C-8CD041F38FD5}.Release|default.Build.0 = Release|default
	EndGlobalSection
	GlobalSection(SolutionProperties) = preSolution
		HideSolutionNode = FALSE
	EndGlobalSection
	GlobalSection(NestedProjects) = preSolution
		{107429B8-2121-486D-A455-94F04D080F4D} = {7BCEF2EC-4440-4718-B5A2-976DF1DE0C62}
		{F244B70F-1F2E-4D4D-BD5B-22B6FCBC7BCE} = {7BCEF2EC-4440-4718-B5A2-976DF1DE0C62}
		{FE9583E6-2A3B-4819-B212-D84F476E81D4} = {107429B8-2121-486D-A455-94F04D080F4D}
		{E111587B-F26C-4631-BB80-D2625C2FA872} = {F244B70F-1F2E-4D4D-BD5B-22B6FCBC7BCE}
		{BBCF1F4A-B39D-477A-831B-F8F7AAABDB8D} = {F244B70F-1F2E-4D4D-BD5B-22B6FCBC7BCE}
		{BBA6987E-1B0E-4845-BF35-DF1E15F56A9B} = {9761F96E-AAB3-4D63-B431-B0DDDFDBD2FA}
		{5F548A6A-B4A9-4446-97F3-71CD01CB14BE} = {9761F96E-AAB3-4D63-B431-B0DDDFDBD2FA}
		{6EC5E9DE-DE93-434A-8AE0-560B7D4F80E0} = {BBA6987E-1B0E-4845-BF35-DF1E15F56A9B}
		{AA8CCA58-71A9-4F98-82A6-B8532691C849} = {BBA6987E-1B0E-4845-BF35-DF1E15F56A9B}
		{9E3C286E-CB81-4825-A946-49F4F5A14762} = {BBA6987E-1B0E-4845-BF35-DF1E15F56A9B}
		{5725C4E6-387C-44E0-9039-AA79602F5742} = {BBA6987E-1B0E-4845-BF35-DF1E15F56A9B}
		{15897E56-AD84-4853-BA9B-891BF202D369} = {BBA6987E-1B0E-4845-BF35-DF1E15F56A9B}
		{3143E9AD-3DF9-4A59-A557-1AC6E0FDC7DE} = {BBA6987E-1B0E-4845-BF35-DF1E15F56A9B}
		{062A4111-03C0-46D2-8BA1-CB4F4488E55F} = {BBA6987E-1B0E-4845-BF35-DF1E15F56A9B}
		{12A0BE32-3497-4D83-94BA-B4B9836FF405} = {BBA6987E-1B0E-4845-BF35-DF1E15F56A9B}
		{A574E86E-DA45-4672-8C73-4F8BB921D37F} = {BBA6987E-1B0E-4845-BF35-DF1E15F56A9B}
		{0FFC726C-593C-4CE0-B5AA-03AC6352DE50} = {BBA6987E-1B0E-4845-BF35-DF1E15F56A9B}
		{1FCC2669-7237-4320-9994-F0B2113F5368} = {BBA6987E-1B0E-4845-BF35-DF1E15F56A9B}
		{50B70E4E-8E04-4815-BE23-CA9BD4E659D7} = {BBA6987E-1B0E-4845-BF35-DF1E15F56A9B}
		{9D14E973-5202-46DC-B36C-E82711422F55} = {5F548A6A-B4A9-4446-97F3-71CD01CB14BE}
		{F52D8229-8D4B-4BFA-B3F9-C33F73C549C4} = {5F548A6A-B4A9-4446-97F3-71CD01CB14BE}
		{302BDE3F-2C94-44E9-87AC-02D7C332A0F4} = {5F548A6A-B4A9-4446-97F3-71CD01CB14BE}
		{F22C8C11-E66C-4A44-BD85-DCA49EE63884} = {A28EACC1-F671-41DE-BDB4-D15D6621877E}
		{5F094A49-51C8-4390-94E9-38A40FE58CEE} = {A28EACC1-F671-41DE-BDB4-D15D6621877E}
		{6E2505FE-D51B-4B57-A839-96D8CFBD8AFB} = {F22C8C11-E66C-4A44-BD85-DCA49EE63884}
		{63E71C59-69C0-4D43-87A8-67690CC26DED} = {F22C8C11-E66C-4A44-BD85-DCA49EE63884}
		{657D7581-79A9-4D85-A912-6A1094A37A34} = {F22C8C11-E66C-4A44-BD85-DCA49EE63884}
		{640CFBC1-A31D-4436-82DB-D668804811C5} = {F22C8C11-E66C-4A44-BD85-DCA49EE63884}
		{219EBC65-21E2-4ED0-BBD3-088B92ECAAE2} = {F22C8C11-E66C-4A44-BD85-DCA49EE63884}
		{295A8AC2-BBC1-4997-9DA1-5F52B608C09D} = {F22C8C11-E66C-4A44-BD85-DCA49EE63884}
		{2516A609-7490-4734-9FC5-D3E847495B01} = {F22C8C11-E66C-4A44-BD85-DCA49EE63884}
		{CAF6B392-3194-4112-B371-DC5DF5D74DB5} = {F22C8C11-E66C-4A44-BD85-DCA49EE63884}
		{0912F6F6-F29F-4313-87F0-39879CEA1797} = {107429B8-2121-486D-A455-94F04D080F4D}
		{999C869D-5688-4C83-8645-F39F8FA44AF1} = {F22C8C11-E66C-4A44-BD85-DCA49EE63884}
		{76228BF6-F99F-4A2D-8BF0-F71731D38342} = {5F094A49-51C8-4390-94E9-38A40FE58CEE}
		{E9F2F1ED-8747-4005-9702-15A27A9B65CE} = {5F094A49-51C8-4390-94E9-38A40FE58CEE}
		{181B7E9B-257D-46F2-9FF2-9B91989F2BBF} = {5F094A49-51C8-4390-94E9-38A40FE58CEE}
		{C2F26690-893F-4715-B796-9753EABF098C} = {5EBD0710-7ABD-467B-801D-F3241D27CD6D}
		{13EF49F6-D7D9-4F9A-85E7-F75EFE486389} = {5EBD0710-7ABD-467B-801D-F3241D27CD6D}
		{CC9580F3-FFCA-44C1-B597-F43593612323} = {C2F26690-893F-4715-B796-9753EABF098C}
		{B34803A1-9AB5-4C9B-9683-EE821215FA60} = {C2F26690-893F-4715-B796-9753EABF098C}
		{DC0176E1-DE34-4512-9C83-D6161FC2145A} = {C2F26690-893F-4715-B796-9753EABF098C}
		{10663EF8-1212-4CBC-B3CC-F1E2D5FD88D6} = {C2F26690-893F-4715-B796-9753EABF098C}
		{591F5A2C-6E0D-4D77-9235-37E4A3E752A5} = {C2F26690-893F-4715-B796-9753EABF098C}
		{6231B550-6B67-4788-95C5-5102A0D1B81C} = {C2F26690-893F-4715-B796-9753EABF098C}
		{1B8AA433-F048-4E30-BA1C-588BCB5FC497} = {C2F26690-893F-4715-B796-9753EABF098C}
		{C98E0D8D-EDAF-4B30-8797-E3F54158564E} = {C2F26690-893F-4715-B796-9753EABF098C}
		{6616B3E4-E302-40D0-B8F1-07C4DB4D23F5} = {13EF49F6-D7D9-4F9A-85E7-F75EFE486389}
		{F7CD3070-B61A-4E34-A7B9-19DD8B90CB56} = {13EF49F6-D7D9-4F9A-85E7-F75EFE486389}
		{F0FE0CE3-DED8-40BE-9191-4FE889E65BA4} = {13EF49F6-D7D9-4F9A-85E7-F75EFE486389}
		{58635DD8-E273-4ED7-8054-A08B061B5F88} = {13EF49F6-D7D9-4F9A-85E7-F75EFE486389}
		{6F913B23-B454-4195-AAE5-4E1F29244206} = {0E4CB966-2FBC-4D64-B68E-E285259C96A1}
		{B54738A5-2BB3-4471-A240-1DF7D9EFADA4} = {0E4CB966-2FBC-4D64-B68E-E285259C96A1}
		{42E5B451-4000-4BFC-B791-AD48393ACF19} = {6F913B23-B454-4195-AAE5-4E1F29244206}
		{D9124F77-C1B5-4949-BE4D-49BF258EA4F6} = {6F913B23-B454-4195-AAE5-4E1F29244206}
		{B8BE256E-D46F-4AD6-AB2B-956312D54163} = {6F913B23-B454-4195-AAE5-4E1F29244206}
		{996EB787-E9D1-477D-8855-8E017FEC98D9} = {6F913B23-B454-4195-AAE5-4E1F29244206}
		{BDFDBB46-0BBE-48AF-95D2-2F1752F643B6} = {6F913B23-B454-4195-AAE5-4E1F29244206}
		{642E20C9-4047-46C3-B820-D048D7F8DC61} = {6F913B23-B454-4195-AAE5-4E1F29244206}
		{15C87AC3-E977-432F-8797-90384D7DE759} = {6F913B23-B454-4195-AAE5-4E1F29244206}
		{4313C201-CCCA-4524-A53B-1E698B2F0938} = {6F913B23-B454-4195-AAE5-4E1F29244206}
		{E7814865-8A5F-4B99-88E6-3EAD889FE5E5} = {B54738A5-2BB3-4471-A240-1DF7D9EFADA4}
		{F13BCA09-05BA-40ED-86AE-7985E028D62A} = {B54738A5-2BB3-4471-A240-1DF7D9EFADA4}
		{115DB562-609B-486A-8BC1-5F5DCC6550DE} = {B54738A5-2BB3-4471-A240-1DF7D9EFADA4}
		{A0B3B1B4-D557-4AD9-A79C-35FCDC77FD02} = {B54738A5-2BB3-4471-A240-1DF7D9EFADA4}
		{855DB761-B551-4C26-B329-87E8F0BFFE6E} = {C8792567-5A97-426C-8280-648979578233}
		{6D0F5DF6-C590-4F25-8C2D-1F815E0E6FB7} = {C8792567-5A97-426C-8280-648979578233}
		{FA804CE7-1275-44DE-802E-55EE0A5B10E1} = {855DB761-B551-4C26-B329-87E8F0BFFE6E}
		{F228DDC5-EE6A-4BFA-B1DD-9155F84D5D43} = {855DB761-B551-4C26-B329-87E8F0BFFE6E}
		{DE6ED777-9808-4331-9E25-7265D87721E3} = {855DB761-B551-4C26-B329-87E8F0BFFE6E}
		{21D5346F-C54E-48BE-BCAD-C93DE604B5FB} = {855DB761-B551-4C26-B329-87E8F0BFFE6E}
		{6FB08479-3950-4646-BEBB-994E1653EF42} = {855DB761-B551-4C26-B329-87E8F0BFFE6E}
		{813AD3C2-ED02-493A-916B-E801FAC3549A} = {855DB761-B551-4C26-B329-87E8F0BFFE6E}
		{3EA32516-3200-4ED5-99C7-D32EEC5A73D0} = {855DB761-B551-4C26-B329-87E8F0BFFE6E}
		{FAE880EE-F103-4F43-B3DB-43944A9754D5} = {855DB761-B551-4C26-B329-87E8F0BFFE6E}
		{8DACEBC9-590E-4270-A412-6B686806E298} = {855DB761-B551-4C26-B329-87E8F0BFFE6E}
		{78630DBD-1BD6-4173-A02C-8CD041F38FD5} = {855DB761-B551-4C26-B329-87E8F0BFFE6E}
	EndGlobalSection
EndGlobal
